
Microsoft Visual Studio Solution File, Format Version 12.00
# Visual Studio 15
VisualStudioVersion = 15.0.28010.2026
MinimumVisualStudioVersion = 10.0.40219.1
Project("{FAE04EC0-301F-11D3-BF4B-00C04F79EFBC}") = "WeatherApp", "WeatherApp\WeatherApp.csproj", "{498E8967-604E-48F2-9B85-C7070E790950}"
EndProject
Global
	GlobalSection(SolutionConfigurationPlatforms) = preSolution
		Debug|Any CPU = Debug|Any CPU
		Release|Any CPU = Release|Any CPU
	EndGlobalSection
	GlobalSection(ProjectConfigurationPlatforms) = postSolution
		{498E8967-604E-48F2-9B85-C7070E790950}.Debug|Any CPU.ActiveCfg = Debug|Any CPU
		{498E8967-604E-48F2-9B85-C7070E790950}.Debug|Any CPU.Build.0 = Debug|Any CPU
		{498E8967-604E-48F2-9B85-C7070E790950}.Release|Any CPU.ActiveCfg = Release|Any CPU
		{498E8967-604E-48F2-9B85-C7070E790950}.Release|Any CPU.Build.0 = Release|Any CPU
	EndGlobalSection
	GlobalSection(SolutionProperties) = preSolution
		HideSolutionNode = FALSE
	EndGlobalSection
	GlobalSection(ExtensibilityGlobals) = postSolution
		SolutionGuid = {ECB6942E-4487-4E15-87D3-127AF398044C}
	EndGlobalSection
EndGlobal
